// !$*UTF8*$!
{
	archiveVersion = 1;
	classes = {
	};
	objectVersion = 56;
	objects = {

/* Begin PBXBuildFile section */
		33A3AE3F2A1BDD7C004041F1 /* FirstAddressView.swift in Sources */ = {isa = PBXBuildFile; fileRef = 33A3AE3E2A1BDD7C004041F1 /* FirstAddressView.swift */; };
		33A3AE412A1BE831004041F1 /* SecondAddressView.swift in Sources */ = {isa = PBXBuildFile; fileRef = 33A3AE402A1BE831004041F1 /* SecondAddressView.swift */; };
		33A3AE4B2A1CB1E5004041F1 /* TextInputField.swift in Sources */ = {isa = PBXBuildFile; fileRef = 33A3AE4A2A1CB1E5004041F1 /* TextInputField.swift */; };
		33A787912A1CEB3300BA273F /* TipsModelView.swift in Sources */ = {isa = PBXBuildFile; fileRef = 33A787902A1CEB3300BA273F /* TipsModelView.swift */; };
		33A787932A1CEC6500BA273F /* CustomTextFieldView.swift in Sources */ = {isa = PBXBuildFile; fileRef = 33A787922A1CEC6500BA273F /* CustomTextFieldView.swift */; };
		33A787952A1CEE0400BA273F /* AddressModelView.swift in Sources */ = {isa = PBXBuildFile; fileRef = 33A787942A1CEE0400BA273F /* AddressModelView.swift */; };
		33A787992A1CF6A400BA273F /* GoogleService-Info.plist in Resources */ = {isa = PBXBuildFile; fileRef = 33A787982A1CF6A400BA273F /* GoogleService-Info.plist */; };
		33A7879C2A1CF89F00BA273F /* FirebaseAuth in Frameworks */ = {isa = PBXBuildFile; productRef = 33A7879B2A1CF89F00BA273F /* FirebaseAuth */; };
		33A7879E2A1CF89F00BA273F /* FirebaseFirestore in Frameworks */ = {isa = PBXBuildFile; productRef = 33A7879D2A1CF89F00BA273F /* FirebaseFirestore */; };
		33A787A02A1CF89F00BA273F /* FirebaseInAppMessaging-Beta in Frameworks */ = {isa = PBXBuildFile; productRef = 33A7879F2A1CF89F00BA273F /* FirebaseInAppMessaging-Beta */; };
		33A787A22A1CF89F00BA273F /* FirebaseInAppMessagingSwift-Beta in Frameworks */ = {isa = PBXBuildFile; productRef = 33A787A12A1CF89F00BA273F /* FirebaseInAppMessagingSwift-Beta */; };
		33A787A42A1CF89F00BA273F /* FirebaseMessaging in Frameworks */ = {isa = PBXBuildFile; productRef = 33A787A32A1CF89F00BA273F /* FirebaseMessaging */; };
		33A787A62A1D01D400BA273F /* PhoneAuthView.swift in Sources */ = {isa = PBXBuildFile; fileRef = 33A787A52A1D01D400BA273F /* PhoneAuthView.swift */; };
		33A787A92A1D070300BA273F /* FirebaseAuthService.swift in Sources */ = {isa = PBXBuildFile; fileRef = 33A787A82A1D070300BA273F /* FirebaseAuthService.swift */; };
		33A787AD2A1D1B4100BA273F /* TabBarControllerWrapper.swift in Sources */ = {isa = PBXBuildFile; fileRef = 33A787AC2A1D1B4100BA273F /* TabBarControllerWrapper.swift */; };
		33A892342A1CD7CC001599D3 /* showingModel.swift in Sources */ = {isa = PBXBuildFile; fileRef = 33A892332A1CD7CC001599D3 /* showingModel.swift */; };
		33A892372A1CDDD3001599D3 /* DeliveryAddressView.swift in Sources */ = {isa = PBXBuildFile; fileRef = 33A892362A1CDDD3001599D3 /* DeliveryAddressView.swift */; };
		33A892392A1CDF3E001599D3 /* CustomHeaderView.swift in Sources */ = {isa = PBXBuildFile; fileRef = 33A892382A1CDF3E001599D3 /* CustomHeaderView.swift */; };
		33F053F42A1682AD009A0F32 /* AppDelegate.swift in Sources */ = {isa = PBXBuildFile; fileRef = 33F053F32A1682AD009A0F32 /* AppDelegate.swift */; };
		33F053F62A1682AD009A0F32 /* SceneDelegate.swift in Sources */ = {isa = PBXBuildFile; fileRef = 33F053F52A1682AD009A0F32 /* SceneDelegate.swift */; };
		33F053F82A1682AD009A0F32 /* ViewController.swift in Sources */ = {isa = PBXBuildFile; fileRef = 33F053F72A1682AD009A0F32 /* ViewController.swift */; };
		33F053FB2A1682AD009A0F32 /* Main.storyboard in Resources */ = {isa = PBXBuildFile; fileRef = 33F053F92A1682AD009A0F32 /* Main.storyboard */; };
		33F053FD2A1682AF009A0F32 /* Assets.xcassets in Resources */ = {isa = PBXBuildFile; fileRef = 33F053FC2A1682AF009A0F32 /* Assets.xcassets */; };
		33F054002A1682AF009A0F32 /* LaunchScreen.storyboard in Resources */ = {isa = PBXBuildFile; fileRef = 33F053FE2A1682AF009A0F32 /* LaunchScreen.storyboard */; };
		33F054082A1682F8009A0F32 /* TabBarController.swift in Sources */ = {isa = PBXBuildFile; fileRef = 33F054072A1682F8009A0F32 /* TabBarController.swift */; };
		33F0540B2A168365009A0F32 /* SearchViewController.swift in Sources */ = {isa = PBXBuildFile; fileRef = 33F0540A2A168365009A0F32 /* SearchViewController.swift */; };
		33F0540D2A16838D009A0F32 /* CartViewController.swift in Sources */ = {isa = PBXBuildFile; fileRef = 33F0540C2A16838D009A0F32 /* CartViewController.swift */; };
		33F0540F2A1683AC009A0F32 /* HeartViewController.swift in Sources */ = {isa = PBXBuildFile; fileRef = 33F0540E2A1683AC009A0F32 /* HeartViewController.swift */; };
		33F054112A1683E1009A0F32 /* PineappleViewController.swift in Sources */ = {isa = PBXBuildFile; fileRef = 33F054102A1683E1009A0F32 /* PineappleViewController.swift */; };
		33F054142A168431009A0F32 /* Product.swift in Sources */ = {isa = PBXBuildFile; fileRef = 33F054132A168431009A0F32 /* Product.swift */; };
		33F054182A168463009A0F32 /* ItemInCart.swift in Sources */ = {isa = PBXBuildFile; fileRef = 33F054172A168463009A0F32 /* ItemInCart.swift */; };
		33F0541B2A168524009A0F32 /* CustomCollectionViewCell.swift in Sources */ = {isa = PBXBuildFile; fileRef = 33F0541A2A168524009A0F32 /* CustomCollectionViewCell.swift */; };
		33F0541D2A16855D009A0F32 /* DetailedProductView.swift in Sources */ = {isa = PBXBuildFile; fileRef = 33F0541C2A16855D009A0F32 /* DetailedProductView.swift */; };
		33F0541F2A168592009A0F32 /* ProductFirstView.swift in Sources */ = {isa = PBXBuildFile; fileRef = 33F0541E2A168592009A0F32 /* ProductFirstView.swift */; };
		33F054232A1685CA009A0F32 /* FinalStageofOrderingView.swift in Sources */ = {isa = PBXBuildFile; fileRef = 33F054222A1685CA009A0F32 /* FinalStageofOrderingView.swift */; };
		33F0542E2A168717009A0F32 /* CartViewModel.swift in Sources */ = {isa = PBXBuildFile; fileRef = 33F0542D2A168717009A0F32 /* CartViewModel.swift */; };
		33F054312A1687A9009A0F32 /* iPhoneNumberField in Frameworks */ = {isa = PBXBuildFile; productRef = 33F054302A1687A9009A0F32 /* iPhoneNumberField */; };
		33F054342A168885009A0F32 /* iTextField in Frameworks */ = {isa = PBXBuildFile; productRef = 33F054332A168885009A0F32 /* iTextField */; };
		33F054362A16891A009A0F32 /* DataBase.swift in Sources */ = {isa = PBXBuildFile; fileRef = 33F054352A16891A009A0F32 /* DataBase.swift */; };
		33F054382A17C7CC009A0F32 /* ItemInCartView.swift in Sources */ = {isa = PBXBuildFile; fileRef = 33F054372A17C7CC009A0F32 /* ItemInCartView.swift */; };
		33F0543C2A18CDCE009A0F32 /* CartViewCollectionCell.swift in Sources */ = {isa = PBXBuildFile; fileRef = 33F0543B2A18CDCE009A0F32 /* CartViewCollectionCell.swift */; };
/* End PBXBuildFile section */

/* Begin PBXFileReference section */
		33A3AE3E2A1BDD7C004041F1 /* FirstAddressView.swift */ = {isa = PBXFileReference; lastKnownFileType = sourcecode.swift; path = FirstAddressView.swift; sourceTree = "<group>"; };
		33A3AE402A1BE831004041F1 /* SecondAddressView.swift */ = {isa = PBXFileReference; lastKnownFileType = sourcecode.swift; path = SecondAddressView.swift; sourceTree = "<group>"; };
		33A3AE4A2A1CB1E5004041F1 /* TextInputField.swift */ = {isa = PBXFileReference; lastKnownFileType = sourcecode.swift; path = TextInputField.swift; sourceTree = "<group>"; };
		33A787902A1CEB3300BA273F /* TipsModelView.swift */ = {isa = PBXFileReference; lastKnownFileType = sourcecode.swift; path = TipsModelView.swift; sourceTree = "<group>"; };
		33A787922A1CEC6500BA273F /* CustomTextFieldView.swift */ = {isa = PBXFileReference; lastKnownFileType = sourcecode.swift; path = CustomTextFieldView.swift; sourceTree = "<group>"; };
		33A787942A1CEE0400BA273F /* AddressModelView.swift */ = {isa = PBXFileReference; lastKnownFileType = sourcecode.swift; path = AddressModelView.swift; sourceTree = "<group>"; };
		33A787982A1CF6A400BA273F /* GoogleService-Info.plist */ = {isa = PBXFileReference; fileEncoding = 4; lastKnownFileType = text.plist.xml; path = "GoogleService-Info.plist"; sourceTree = "<group>"; };
		33A787A52A1D01D400BA273F /* PhoneAuthView.swift */ = {isa = PBXFileReference; lastKnownFileType = sourcecode.swift; path = PhoneAuthView.swift; sourceTree = "<group>"; };
		33A787A82A1D070300BA273F /* FirebaseAuthService.swift */ = {isa = PBXFileReference; lastKnownFileType = sourcecode.swift; path = FirebaseAuthService.swift; sourceTree = "<group>"; };
		33A787AC2A1D1B4100BA273F /* TabBarControllerWrapper.swift */ = {isa = PBXFileReference; lastKnownFileType = sourcecode.swift; path = TabBarControllerWrapper.swift; sourceTree = "<group>"; };
		33A892332A1CD7CC001599D3 /* showingModel.swift */ = {isa = PBXFileReference; lastKnownFileType = sourcecode.swift; path = showingModel.swift; sourceTree = "<group>"; };
		33A892362A1CDDD3001599D3 /* DeliveryAddressView.swift */ = {isa = PBXFileReference; lastKnownFileType = sourcecode.swift; path = DeliveryAddressView.swift; sourceTree = "<group>"; };
		33A892382A1CDF3E001599D3 /* CustomHeaderView.swift */ = {isa = PBXFileReference; lastKnownFileType = sourcecode.swift; path = CustomHeaderView.swift; sourceTree = "<group>"; };
		33F053F02A1682AD009A0F32 /* Arbuz-task.app */ = {isa = PBXFileReference; explicitFileType = wrapper.application; includeInIndex = 0; path = "Arbuz-task.app"; sourceTree = BUILT_PRODUCTS_DIR; };
		33F053F32A1682AD009A0F32 /* AppDelegate.swift */ = {isa = PBXFileReference; lastKnownFileType = sourcecode.swift; path = AppDelegate.swift; sourceTree = "<group>"; };
		33F053F52A1682AD009A0F32 /* SceneDelegate.swift */ = {isa = PBXFileReference; lastKnownFileType = sourcecode.swift; path = SceneDelegate.swift; sourceTree = "<group>"; };
		33F053F72A1682AD009A0F32 /* ViewController.swift */ = {isa = PBXFileReference; lastKnownFileType = sourcecode.swift; path = ViewController.swift; sourceTree = "<group>"; };
		33F053FA2A1682AD009A0F32 /* Base */ = {isa = PBXFileReference; lastKnownFileType = file.storyboard; name = Base; path = Base.lproj/Main.storyboard; sourceTree = "<group>"; };
		33F053FC2A1682AF009A0F32 /* Assets.xcassets */ = {isa = PBXFileReference; lastKnownFileType = folder.assetcatalog; path = Assets.xcassets; sourceTree = "<group>"; };
		33F053FF2A1682AF009A0F32 /* Base */ = {isa = PBXFileReference; lastKnownFileType = file.storyboard; name = Base; path = Base.lproj/LaunchScreen.storyboard; sourceTree = "<group>"; };
		33F054012A1682AF009A0F32 /* Info.plist */ = {isa = PBXFileReference; lastKnownFileType = text.plist.xml; path = Info.plist; sourceTree = "<group>"; };
		33F054072A1682F8009A0F32 /* TabBarController.swift */ = {isa = PBXFileReference; lastKnownFileType = sourcecode.swift; path = TabBarController.swift; sourceTree = "<group>"; };
		33F0540A2A168365009A0F32 /* SearchViewController.swift */ = {isa = PBXFileReference; lastKnownFileType = sourcecode.swift; path = SearchViewController.swift; sourceTree = "<group>"; };
		33F0540C2A16838D009A0F32 /* CartViewController.swift */ = {isa = PBXFileReference; lastKnownFileType = sourcecode.swift; path = CartViewController.swift; sourceTree = "<group>"; };
		33F0540E2A1683AC009A0F32 /* HeartViewController.swift */ = {isa = PBXFileReference; lastKnownFileType = sourcecode.swift; path = HeartViewController.swift; sourceTree = "<group>"; };
		33F054102A1683E1009A0F32 /* PineappleViewController.swift */ = {isa = PBXFileReference; lastKnownFileType = sourcecode.swift; path = PineappleViewController.swift; sourceTree = "<group>"; };
		33F054132A168431009A0F32 /* Product.swift */ = {isa = PBXFileReference; lastKnownFileType = sourcecode.swift; path = Product.swift; sourceTree = "<group>"; };
		33F054172A168463009A0F32 /* ItemInCart.swift */ = {isa = PBXFileReference; lastKnownFileType = sourcecode.swift; path = ItemInCart.swift; sourceTree = "<group>"; };
		33F0541A2A168524009A0F32 /* CustomCollectionViewCell.swift */ = {isa = PBXFileReference; lastKnownFileType = sourcecode.swift; path = CustomCollectionViewCell.swift; sourceTree = "<group>"; };
		33F0541C2A16855D009A0F32 /* DetailedProductView.swift */ = {isa = PBXFileReference; lastKnownFileType = sourcecode.swift; path = DetailedProductView.swift; sourceTree = "<group>"; };
		33F0541E2A168592009A0F32 /* ProductFirstView.swift */ = {isa = PBXFileReference; lastKnownFileType = sourcecode.swift; path = ProductFirstView.swift; sourceTree = "<group>"; };
		33F054222A1685CA009A0F32 /* FinalStageofOrderingView.swift */ = {isa = PBXFileReference; lastKnownFileType = sourcecode.swift; path = FinalStageofOrderingView.swift; sourceTree = "<group>"; };
		33F0542D2A168717009A0F32 /* CartViewModel.swift */ = {isa = PBXFileReference; lastKnownFileType = sourcecode.swift; path = CartViewModel.swift; sourceTree = "<group>"; };
		33F054352A16891A009A0F32 /* DataBase.swift */ = {isa = PBXFileReference; lastKnownFileType = sourcecode.swift; path = DataBase.swift; sourceTree = "<group>"; };
		33F054372A17C7CC009A0F32 /* ItemInCartView.swift */ = {isa = PBXFileReference; lastKnownFileType = sourcecode.swift; path = ItemInCartView.swift; sourceTree = "<group>"; };
		33F0543B2A18CDCE009A0F32 /* CartViewCollectionCell.swift */ = {isa = PBXFileReference; lastKnownFileType = sourcecode.swift; path = CartViewCollectionCell.swift; sourceTree = "<group>"; };
/* End PBXFileReference section */

/* Begin PBXFrameworksBuildPhase section */
		33F053ED2A1682AD009A0F32 /* Frameworks */ = {
			isa = PBXFrameworksBuildPhase;
			buildActionMask = 2147483647;
			files = (
				33F054342A168885009A0F32 /* iTextField in Frameworks */,
				33A7879E2A1CF89F00BA273F /* FirebaseFirestore in Frameworks */,
				33A787A42A1CF89F00BA273F /* FirebaseMessaging in Frameworks */,
				33A7879C2A1CF89F00BA273F /* FirebaseAuth in Frameworks */,
				33F054312A1687A9009A0F32 /* iPhoneNumberField in Frameworks */,
				33A787A22A1CF89F00BA273F /* FirebaseInAppMessagingSwift-Beta in Frameworks */,
				33A787A02A1CF89F00BA273F /* FirebaseInAppMessaging-Beta in Frameworks */,
			);
			runOnlyForDeploymentPostprocessing = 0;
		};
/* End PBXFrameworksBuildPhase section */

/* Begin PBXGroup section */
		33A787A72A1D06E700BA273F /* PhoneAuth */ = {
			isa = PBXGroup;
			children = (
				33A787A52A1D01D400BA273F /* PhoneAuthView.swift */,
				33A787A82A1D070300BA273F /* FirebaseAuthService.swift */,
			);
			path = PhoneAuth;
			sourceTree = "<group>";
		};
		33A892352A1CDD91001599D3 /* FinalStageOfOrdering */ = {
			isa = PBXGroup;
			children = (
				33F054222A1685CA009A0F32 /* FinalStageofOrderingView.swift */,
				33A787922A1CEC6500BA273F /* CustomTextFieldView.swift */,
				33A892362A1CDDD3001599D3 /* DeliveryAddressView.swift */,
				33A892382A1CDF3E001599D3 /* CustomHeaderView.swift */,
				33A787902A1CEB3300BA273F /* TipsModelView.swift */,
				33A787942A1CEE0400BA273F /* AddressModelView.swift */,
			);
			path = FinalStageOfOrdering;
			sourceTree = "<group>";
		};
		33F053E72A1682AD009A0F32 = {
			isa = PBXGroup;
			children = (
				33F053F22A1682AD009A0F32 /* Arbuz-task */,
				33F053F12A1682AD009A0F32 /* Products */,
			);
			sourceTree = "<group>";
		};
		33F053F12A1682AD009A0F32 /* Products */ = {
			isa = PBXGroup;
			children = (
				33F053F02A1682AD009A0F32 /* Arbuz-task.app */,
			);
			name = Products;
			sourceTree = "<group>";
		};
		33F053F22A1682AD009A0F32 /* Arbuz-task */ = {
			isa = PBXGroup;
			children = (
				33F053F32A1682AD009A0F32 /* AppDelegate.swift */,
				33F053F52A1682AD009A0F32 /* SceneDelegate.swift */,
				33F054352A16891A009A0F32 /* DataBase.swift */,
				33F054092A168315009A0F32 /* Controllers */,
				33F054122A16840C009A0F32 /* Models */,
				33F054192A16846C009A0F32 /* Views */,
				33F053F92A1682AD009A0F32 /* Main.storyboard */,
				33A3AE4A2A1CB1E5004041F1 /* TextInputField.swift */,
				33F053FC2A1682AF009A0F32 /* Assets.xcassets */,
				33F053FE2A1682AF009A0F32 /* LaunchScreen.storyboard */,
				33F054012A1682AF009A0F32 /* Info.plist */,
				33A787982A1CF6A400BA273F /* GoogleService-Info.plist */,
			);
			path = "Arbuz-task";
			sourceTree = "<group>";
		};
		33F054092A168315009A0F32 /* Controllers */ = {
			isa = PBXGroup;
			children = (
				33F054072A1682F8009A0F32 /* TabBarController.swift */,
				33F053F72A1682AD009A0F32 /* ViewController.swift */,
				33F0540A2A168365009A0F32 /* SearchViewController.swift */,
				33F0540C2A16838D009A0F32 /* CartViewController.swift */,
				33F0540E2A1683AC009A0F32 /* HeartViewController.swift */,
				33F054102A1683E1009A0F32 /* PineappleViewController.swift */,
				33A787AC2A1D1B4100BA273F /* TabBarControllerWrapper.swift */,
			);
			path = Controllers;
			sourceTree = "<group>";
		};
		33F054122A16840C009A0F32 /* Models */ = {
			isa = PBXGroup;
			children = (
				33F054132A168431009A0F32 /* Product.swift */,
				33F054172A168463009A0F32 /* ItemInCart.swift */,
			);
			path = Models;
			sourceTree = "<group>";
		};
		33F054192A16846C009A0F32 /* Views */ = {
			isa = PBXGroup;
			children = (
				33F0541A2A168524009A0F32 /* CustomCollectionViewCell.swift */,
				33F0543B2A18CDCE009A0F32 /* CartViewCollectionCell.swift */,
				33F0541E2A168592009A0F32 /* ProductFirstView.swift */,
				33F0541C2A16855D009A0F32 /* DetailedProductView.swift */,
				33F054372A17C7CC009A0F32 /* ItemInCartView.swift */,
				33A3AE3E2A1BDD7C004041F1 /* FirstAddressView.swift */,
				33A3AE402A1BE831004041F1 /* SecondAddressView.swift */,
				33A787A72A1D06E700BA273F /* PhoneAuth */,
				33A892352A1CDD91001599D3 /* FinalStageOfOrdering */,
				33F054282A1686B2009A0F32 /* ViewModels */,
			);
			path = Views;
			sourceTree = "<group>";
		};
		33F054282A1686B2009A0F32 /* ViewModels */ = {
			isa = PBXGroup;
			children = (
				33F0542D2A168717009A0F32 /* CartViewModel.swift */,
				33A892332A1CD7CC001599D3 /* showingModel.swift */,
			);
			path = ViewModels;
			sourceTree = "<group>";
		};
/* End PBXGroup section */

/* Begin PBXNativeTarget section */
		33F053EF2A1682AD009A0F32 /* Arbuz-task */ = {
			isa = PBXNativeTarget;
			buildConfigurationList = 33F054042A1682AF009A0F32 /* Build configuration list for PBXNativeTarget "Arbuz-task" */;
			buildPhases = (
				33F053EC2A1682AD009A0F32 /* Sources */,
				33F053ED2A1682AD009A0F32 /* Frameworks */,
				33F053EE2A1682AD009A0F32 /* Resources */,
			);
			buildRules = (
			);
			dependencies = (
			);
			name = "Arbuz-task";
			packageProductDependencies = (
				33F054302A1687A9009A0F32 /* iPhoneNumberField */,
				33F054332A168885009A0F32 /* iTextField */,
				33A7879B2A1CF89F00BA273F /* FirebaseAuth */,
				33A7879D2A1CF89F00BA273F /* FirebaseFirestore */,
				33A7879F2A1CF89F00BA273F /* FirebaseInAppMessaging-Beta */,
				33A787A12A1CF89F00BA273F /* FirebaseInAppMessagingSwift-Beta */,
				33A787A32A1CF89F00BA273F /* FirebaseMessaging */,
			);
			productName = "Arbuz-task";
			productReference = 33F053F02A1682AD009A0F32 /* Arbuz-task.app */;
			productType = "com.apple.product-type.application";
		};
/* End PBXNativeTarget section */

/* Begin PBXProject section */
		33F053E82A1682AD009A0F32 /* Project object */ = {
			isa = PBXProject;
			attributes = {
				BuildIndependentTargetsInParallel = 1;
				LastSwiftUpdateCheck = 1430;
				LastUpgradeCheck = 1430;
				TargetAttributes = {
					33F053EF2A1682AD009A0F32 = {
						CreatedOnToolsVersion = 14.3;
					};
				};
			};
			buildConfigurationList = 33F053EB2A1682AD009A0F32 /* Build configuration list for PBXProject "Arbuz-task" */;
			compatibilityVersion = "Xcode 14.0";
			developmentRegion = en;
			hasScannedForEncodings = 0;
			knownRegions = (
				en,
				Base,
			);
			mainGroup = 33F053E72A1682AD009A0F32;
			packageReferences = (
				33F0542F2A1687A9009A0F32 /* XCRemoteSwiftPackageReference "iPhoneNumberField" */,
				33F054322A168885009A0F32 /* XCRemoteSwiftPackageReference "iTextField" */,
				33A7879A2A1CF89F00BA273F /* XCRemoteSwiftPackageReference "firebase-ios-sdk" */,
			);
			productRefGroup = 33F053F12A1682AD009A0F32 /* Products */;
			projectDirPath = "";
			projectRoot = "";
			targets = (
				33F053EF2A1682AD009A0F32 /* Arbuz-task */,
			);
		};
/* End PBXProject section */

/* Begin PBXResourcesBuildPhase section */
		33F053EE2A1682AD009A0F32 /* Resources */ = {
			isa = PBXResourcesBuildPhase;
			buildActionMask = 2147483647;
			files = (
				33F054002A1682AF009A0F32 /* LaunchScreen.storyboard in Resources */,
				33A787992A1CF6A400BA273F /* GoogleService-Info.plist in Resources */,
				33F053FD2A1682AF009A0F32 /* Assets.xcassets in Resources */,
				33F053FB2A1682AD009A0F32 /* Main.storyboard in Resources */,
			);
			runOnlyForDeploymentPostprocessing = 0;
		};
/* End PBXResourcesBuildPhase section */

/* Begin PBXSourcesBuildPhase section */
		33F053EC2A1682AD009A0F32 /* Sources */ = {
			isa = PBXSourcesBuildPhase;
			buildActionMask = 2147483647;
			files = (
				33F0540B2A168365009A0F32 /* SearchViewController.swift in Sources */,
				33A892342A1CD7CC001599D3 /* showingModel.swift in Sources */,
				33F053F82A1682AD009A0F32 /* ViewController.swift in Sources */,
				33F054232A1685CA009A0F32 /* FinalStageofOrderingView.swift in Sources */,
				33F0541D2A16855D009A0F32 /* DetailedProductView.swift in Sources */,
				33A787A62A1D01D400BA273F /* PhoneAuthView.swift in Sources */,
				33A3AE3F2A1BDD7C004041F1 /* FirstAddressView.swift in Sources */,
				33F054142A168431009A0F32 /* Product.swift in Sources */,
				33F054082A1682F8009A0F32 /* TabBarController.swift in Sources */,
				33A3AE412A1BE831004041F1 /* SecondAddressView.swift in Sources */,
				33F053F42A1682AD009A0F32 /* AppDelegate.swift in Sources */,
				33F0540D2A16838D009A0F32 /* CartViewController.swift in Sources */,
				33F054112A1683E1009A0F32 /* PineappleViewController.swift in Sources */,
				33F054362A16891A009A0F32 /* DataBase.swift in Sources */,
				33A787952A1CEE0400BA273F /* AddressModelView.swift in Sources */,
				33A787932A1CEC6500BA273F /* CustomTextFieldView.swift in Sources */,
				33F053F62A1682AD009A0F32 /* SceneDelegate.swift in Sources */,
				33F054182A168463009A0F32 /* ItemInCart.swift in Sources */,
				33F054382A17C7CC009A0F32 /* ItemInCartView.swift in Sources */,
				33A892392A1CDF3E001599D3 /* CustomHeaderView.swift in Sources */,
				33A892372A1CDDD3001599D3 /* DeliveryAddressView.swift in Sources */,
				33A787AD2A1D1B4100BA273F /* TabBarControllerWrapper.swift in Sources */,
				33F0543C2A18CDCE009A0F32 /* CartViewCollectionCell.swift in Sources */,
				33F0542E2A168717009A0F32 /* CartViewModel.swift in Sources */,
				33F0540F2A1683AC009A0F32 /* HeartViewController.swift in Sources */,
				33A787A92A1D070300BA273F /* FirebaseAuthService.swift in Sources */,
				33F0541B2A168524009A0F32 /* CustomCollectionViewCell.swift in Sources */,
				33A787912A1CEB3300BA273F /* TipsModelView.swift in Sources */,
				33A3AE4B2A1CB1E5004041F1 /* TextInputField.swift in Sources */,
				33F0541F2A168592009A0F32 /* ProductFirstView.swift in Sources */,
			);
			runOnlyForDeploymentPostprocessing = 0;
		};
/* End PBXSourcesBuildPhase section */

/* Begin PBXVariantGroup section */
		33F053F92A1682AD009A0F32 /* Main.storyboard */ = {
			isa = PBXVariantGroup;
			children = (
				33F053FA2A1682AD009A0F32 /* Base */,
			);
			name = Main.storyboard;
			sourceTree = "<group>";
		};
		33F053FE2A1682AF009A0F32 /* LaunchScreen.storyboard */ = {
			isa = PBXVariantGroup;
			children = (
				33F053FF2A1682AF009A0F32 /* Base */,
			);
			name = LaunchScreen.storyboard;
			sourceTree = "<group>";
		};
/* End PBXVariantGroup section */

/* Begin XCBuildConfiguration section */
		33F054022A1682AF009A0F32 /* Debug */ = {
			isa = XCBuildConfiguration;
			buildSettings = {
				ALWAYS_SEARCH_USER_PATHS = NO;
				CLANG_ANALYZER_NONNULL = YES;
				CLANG_ANALYZER_NUMBER_OBJECT_CONVERSION = YES_AGGRESSIVE;
				CLANG_CXX_LANGUAGE_STANDARD = "gnu++20";
				CLANG_ENABLE_MODULES = YES;
				CLANG_ENABLE_OBJC_ARC = YES;
				CLANG_ENABLE_OBJC_WEAK = YES;
				CLANG_WARN_BLOCK_CAPTURE_AUTORELEASING = YES;
				CLANG_WARN_BOOL_CONVERSION = YES;
				CLANG_WARN_COMMA = YES;
				CLANG_WARN_CONSTANT_CONVERSION = YES;
				CLANG_WARN_DEPRECATED_OBJC_IMPLEMENTATIONS = YES;
				CLANG_WARN_DIRECT_OBJC_ISA_USAGE = YES_ERROR;
				CLANG_WARN_DOCUMENTATION_COMMENTS = YES;
				CLANG_WARN_EMPTY_BODY = YES;
				CLANG_WARN_ENUM_CONVERSION = YES;
				CLANG_WARN_INFINITE_RECURSION = YES;
				CLANG_WARN_INT_CONVERSION = YES;
				CLANG_WARN_NON_LITERAL_NULL_CONVERSION = YES;
				CLANG_WARN_OBJC_IMPLICIT_RETAIN_SELF = YES;
				CLANG_WARN_OBJC_LITERAL_CONVERSION = YES;
				CLANG_WARN_OBJC_ROOT_CLASS = YES_ERROR;
				CLANG_WARN_QUOTED_INCLUDE_IN_FRAMEWORK_HEADER = YES;
				CLANG_WARN_RANGE_LOOP_ANALYSIS = YES;
				CLANG_WARN_STRICT_PROTOTYPES = YES;
				CLANG_WARN_SUSPICIOUS_MOVE = YES;
				CLANG_WARN_UNGUARDED_AVAILABILITY = YES_AGGRESSIVE;
				CLANG_WARN_UNREACHABLE_CODE = YES;
				CLANG_WARN__DUPLICATE_METHOD_MATCH = YES;
				COPY_PHASE_STRIP = NO;
				DEBUG_INFORMATION_FORMAT = dwarf;
				ENABLE_STRICT_OBJC_MSGSEND = YES;
				ENABLE_TESTABILITY = YES;
				GCC_C_LANGUAGE_STANDARD = gnu11;
				GCC_DYNAMIC_NO_PIC = NO;
				GCC_NO_COMMON_BLOCKS = YES;
				GCC_OPTIMIZATION_LEVEL = 0;
				GCC_PREPROCESSOR_DEFINITIONS = (
					"DEBUG=1",
					"$(inherited)",
				);
				GCC_WARN_64_TO_32_BIT_CONVERSION = YES;
				GCC_WARN_ABOUT_RETURN_TYPE = YES_ERROR;
				GCC_WARN_UNDECLARED_SELECTOR = YES;
				GCC_WARN_UNINITIALIZED_AUTOS = YES_AGGRESSIVE;
				GCC_WARN_UNUSED_FUNCTION = YES;
				GCC_WARN_UNUSED_VARIABLE = YES;
				IPHONEOS_DEPLOYMENT_TARGET = 16.4;
				MTL_ENABLE_DEBUG_INFO = INCLUDE_SOURCE;
				MTL_FAST_MATH = YES;
				ONLY_ACTIVE_ARCH = YES;
				SDKROOT = iphoneos;
				SWIFT_ACTIVE_COMPILATION_CONDITIONS = DEBUG;
				SWIFT_OPTIMIZATION_LEVEL = "-Onone";
			};
			name = Debug;
		};
		33F054032A1682AF009A0F32 /* Release */ = {
			isa = XCBuildConfiguration;
			buildSettings = {
				ALWAYS_SEARCH_USER_PATHS = NO;
				CLANG_ANALYZER_NONNULL = YES;
				CLANG_ANALYZER_NUMBER_OBJECT_CONVERSION = YES_AGGRESSIVE;
				CLANG_CXX_LANGUAGE_STANDARD = "gnu++20";
				CLANG_ENABLE_MODULES = YES;
				CLANG_ENABLE_OBJC_ARC = YES;
				CLANG_ENABLE_OBJC_WEAK = YES;
				CLANG_WARN_BLOCK_CAPTURE_AUTORELEASING = YES;
				CLANG_WARN_BOOL_CONVERSION = YES;
				CLANG_WARN_COMMA = YES;
				CLANG_WARN_CONSTANT_CONVERSION = YES;
				CLANG_WARN_DEPRECATED_OBJC_IMPLEMENTATIONS = YES;
				CLANG_WARN_DIRECT_OBJC_ISA_USAGE = YES_ERROR;
				CLANG_WARN_DOCUMENTATION_COMMENTS = YES;
				CLANG_WARN_EMPTY_BODY = YES;
				CLANG_WARN_ENUM_CONVERSION = YES;
				CLANG_WARN_INFINITE_RECURSION = YES;
				CLANG_WARN_INT_CONVERSION = YES;
				CLANG_WARN_NON_LITERAL_NULL_CONVERSION = YES;
				CLANG_WARN_OBJC_IMPLICIT_RETAIN_SELF = YES;
				CLANG_WARN_OBJC_LITERAL_CONVERSION = YES;
				CLANG_WARN_OBJC_ROOT_CLASS = YES_ERROR;
				CLANG_WARN_QUOTED_INCLUDE_IN_FRAMEWORK_HEADER = YES;
				CLANG_WARN_RANGE_LOOP_ANALYSIS = YES;
				CLANG_WARN_STRICT_PROTOTYPES = YES;
				CLANG_WARN_SUSPICIOUS_MOVE = YES;
				CLANG_WARN_UNGUARDED_AVAILABILITY = YES_AGGRESSIVE;
				CLANG_WARN_UNREACHABLE_CODE = YES;
				CLANG_WARN__DUPLICATE_METHOD_MATCH = YES;
				COPY_PHASE_STRIP = NO;
				DEBUG_INFORMATION_FORMAT = "dwarf-with-dsym";
				ENABLE_NS_ASSERTIONS = NO;
				ENABLE_STRICT_OBJC_MSGSEND = YES;
				GCC_C_LANGUAGE_STANDARD = gnu11;
				GCC_NO_COMMON_BLOCKS = YES;
				GCC_WARN_64_TO_32_BIT_CONVERSION = YES;
				GCC_WARN_ABOUT_RETURN_TYPE = YES_ERROR;
				GCC_WARN_UNDECLARED_SELECTOR = YES;
				GCC_WARN_UNINITIALIZED_AUTOS = YES_AGGRESSIVE;
				GCC_WARN_UNUSED_FUNCTION = YES;
				GCC_WARN_UNUSED_VARIABLE = YES;
				IPHONEOS_DEPLOYMENT_TARGET = 16.4;
				MTL_ENABLE_DEBUG_INFO = NO;
				MTL_FAST_MATH = YES;
				SDKROOT = iphoneos;
				SWIFT_COMPILATION_MODE = wholemodule;
				SWIFT_OPTIMIZATION_LEVEL = "-O";
				VALIDATE_PRODUCT = YES;
			};
			name = Release;
		};
		33F054052A1682AF009A0F32 /* Debug */ = {
			isa = XCBuildConfiguration;
			buildSettings = {
				ASSETCATALOG_COMPILER_APPICON_NAME = AppIcon;
				ASSETCATALOG_COMPILER_GLOBAL_ACCENT_COLOR_NAME = AccentColor;
				CODE_SIGN_STYLE = Automatic;
				CURRENT_PROJECT_VERSION = 1;
				DEVELOPMENT_TEAM = 92698MMMCG;
				GENERATE_INFOPLIST_FILE = YES;
				INFOPLIST_FILE = "Arbuz-task/Info.plist";
				INFOPLIST_KEY_UIApplicationSupportsIndirectInputEvents = YES;
				INFOPLIST_KEY_UILaunchStoryboardName = LaunchScreen;
				INFOPLIST_KEY_UIMainStoryboardFile = Main;
				INFOPLIST_KEY_UISupportedInterfaceOrientations_iPad = "UIInterfaceOrientationPortrait UIInterfaceOrientationPortraitUpsideDown UIInterfaceOrientationLandscapeLeft UIInterfaceOrientationLandscapeRight";
				INFOPLIST_KEY_UISupportedInterfaceOrientations_iPhone = "UIInterfaceOrientationPortrait UIInterfaceOrientationLandscapeLeft UIInterfaceOrientationLandscapeRight";
				IPHONEOS_DEPLOYMENT_TARGET = 16.0;
				LD_RUNPATH_SEARCH_PATHS = (
					"$(inherited)",
					"@executable_path/Frameworks",
				);
				MARKETING_VERSION = 1.0;
				PRODUCT_BUNDLE_IDENTIFIER = "com.DiasMurzagaliyev.Arbuz-task";
				PRODUCT_NAME = "$(TARGET_NAME)";
				SWIFT_EMIT_LOC_STRINGS = YES;
				SWIFT_VERSION = 5.0;
				TARGETED_DEVICE_FAMILY = "1,2";
			};
			name = Debug;
		};
		33F054062A1682AF009A0F32 /* Release */ = {
			isa = XCBuildConfiguration;
			buildSettings = {
				ASSETCATALOG_COMPILER_APPICON_NAME = AppIcon;
				ASSETCATALOG_COMPILER_GLOBAL_ACCENT_COLOR_NAME = AccentColor;
				CODE_SIGN_STYLE = Automatic;
				CURRENT_PROJECT_VERSION = 1;
				DEVELOPMENT_TEAM = 92698MMMCG;
				GENERATE_INFOPLIST_FILE = YES;
				INFOPLIST_FILE = "Arbuz-task/Info.plist";
				INFOPLIST_KEY_UIApplicationSupportsIndirectInputEvents = YES;
				INFOPLIST_KEY_UILaunchStoryboardName = LaunchScreen;
				INFOPLIST_KEY_UIMainStoryboardFile = Main;
				INFOPLIST_KEY_UISupportedInterfaceOrientations_iPad = "UIInterfaceOrientationPortrait UIInterfaceOrientationPortraitUpsideDown UIInterfaceOrientationLandscapeLeft UIInterfaceOrientationLandscapeRight";
				INFOPLIST_KEY_UISupportedInterfaceOrientations_iPhone = "UIInterfaceOrientationPortrait UIInterfaceOrientationLandscapeLeft UIInterfaceOrientationLandscapeRight";
				IPHONEOS_DEPLOYMENT_TARGET = 16.0;
				LD_RUNPATH_SEARCH_PATHS = (
					"$(inherited)",
					"@executable_path/Frameworks",
				);
				MARKETING_VERSION = 1.0;
				PRODUCT_BUNDLE_IDENTIFIER = "com.DiasMurzagaliyev.Arbuz-task";
				PRODUCT_NAME = "$(TARGET_NAME)";
				SWIFT_EMIT_LOC_STRINGS = YES;
				SWIFT_VERSION = 5.0;
				TARGETED_DEVICE_FAMILY = "1,2";
			};
			name = Release;
		};
/* End XCBuildConfiguration section */

/* Begin XCConfigurationList section */
		33F053EB2A1682AD009A0F32 /* Build configuration list for PBXProject "Arbuz-task" */ = {
			isa = XCConfigurationList;
			buildConfigurations = (
				33F054022A1682AF009A0F32 /* Debug */,
				33F054032A1682AF009A0F32 /* Release */,
			);
			defaultConfigurationIsVisible = 0;
			defaultConfigurationName = Release;
		};
		33F054042A1682AF009A0F32 /* Build configuration list for PBXNativeTarget "Arbuz-task" */ = {
			isa = XCConfigurationList;
			buildConfigurations = (
				33F054052A1682AF009A0F32 /* Debug */,
				33F054062A1682AF009A0F32 /* Release */,
			);
			defaultConfigurationIsVisible = 0;
			defaultConfigurationName = Release;
		};
/* End XCConfigurationList section */

/* Begin XCRemoteSwiftPackageReference section */
		33A7879A2A1CF89F00BA273F /* XCRemoteSwiftPackageReference "firebase-ios-sdk" */ = {
			isa = XCRemoteSwiftPackageReference;
			repositoryURL = "https://github.com/firebase/firebase-ios-sdk";
			requirement = {
				kind = upToNextMajorVersion;
				minimumVersion = 10.0.0;
			};
		};
		33F0542F2A1687A9009A0F32 /* XCRemoteSwiftPackageReference "iPhoneNumberField" */ = {
			isa = XCRemoteSwiftPackageReference;
			repositoryURL = "https://github.com/MojtabaHs/iPhoneNumberField";
			requirement = {
				kind = upToNextMajorVersion;
				minimumVersion = 0.10.1;
			};
		};
		33F054322A168885009A0F32 /* XCRemoteSwiftPackageReference "iTextField" */ = {
			isa = XCRemoteSwiftPackageReference;
			repositoryURL = "https://github.com/benjaminsage/iTextField#install";
			requirement = {
				kind = upToNextMajorVersion;
				minimumVersion = 0.0.8;
			};
		};
/* End XCRemoteSwiftPackageReference section */

/* Begin XCSwiftPackageProductDependency section */
		33A7879B2A1CF89F00BA273F /* FirebaseAuth */ = {
			isa = XCSwiftPackageProductDependency;
			package = 33A7879A2A1CF89F00BA273F /* XCRemoteSwiftPackageReference "firebase-ios-sdk" */;
			productName = FirebaseAuth;
		};
		33A7879D2A1CF89F00BA273F /* FirebaseFirestore */ = {
			isa = XCSwiftPackageProductDependency;
			package = 33A7879A2A1CF89F00BA273F /* XCRemoteSwiftPackageReference "firebase-ios-sdk" */;
			productName = FirebaseFirestore;
		};
		33A7879F2A1CF89F00BA273F /* FirebaseInAppMessaging-Beta */ = {
			isa = XCSwiftPackageProductDependency;
			package = 33A7879A2A1CF89F00BA273F /* XCRemoteSwiftPackageReference "firebase-ios-sdk" */;
			productName = "FirebaseInAppMessaging-Beta";
		};
		33A787A12A1CF89F00BA273F /* FirebaseInAppMessagingSwift-Beta */ = {
			isa = XCSwiftPackageProductDependency;
			package = 33A7879A2A1CF89F00BA273F /* XCRemoteSwiftPackageReference "firebase-ios-sdk" */;
			productName = "FirebaseInAppMessagingSwift-Beta";
		};
		33A787A32A1CF89F00BA273F /* FirebaseMessaging */ = {
			isa = XCSwiftPackageProductDependency;
			package = 33A7879A2A1CF89F00BA273F /* XCRemoteSwiftPackageReference "firebase-ios-sdk" */;
			productName = FirebaseMessaging;
		};
		33F054302A1687A9009A0F32 /* iPhoneNumberField */ = {
			isa = XCSwiftPackageProductDependency;
			package = 33F0542F2A1687A9009A0F32 /* XCRemoteSwiftPackageReference "iPhoneNumberField" */;
			productName = iPhoneNumberField;
		};
		33F054332A168885009A0F32 /* iTextField */ = {
			isa = XCSwiftPackageProductDependency;
			package = 33F054322A168885009A0F32 /* XCRemoteSwiftPackageReference "iTextField" */;
			productName = iTextField;
		};
/* End XCSwiftPackageProductDependency section */
	};
	rootObject = 33F053E82A1682AD009A0F32 /* Project object */;
}
